
Microsoft Visual Studio Solution File, Format Version 12.00
# Visual Studio 14
VisualStudioVersion = 14.0.23107.0
MinimumVisualStudioVersion = 10.0.40219.1
Project("{FAE04EC0-301F-11D3-BF4B-00C04F79EFBC}") = "NotificationHubUWP", "NotificationHubUWP\NotificationHubUWP.csproj", "{590A40AC-E150-4D6E-B5BA-07AA443688FE}"
EndProject
Global
	GlobalSection(SolutionConfigurationPlatforms) = preSolution
		Debug|ARM = Debug|ARM
		Debug|x64 = Debug|x64
		Debug|x86 = Debug|x86
		Release|ARM = Release|ARM
		Release|x64 = Release|x64
		Release|x86 = Release|x86
	EndGlobalSection
	GlobalSection(ProjectConfigurationPlatforms) = postSolution
		{590A40AC-E150-4D6E-B5BA-07AA443688FE}.Debug|ARM.ActiveCfg = Debug|ARM
		{590A40AC-E150-4D6E-B5BA-07AA443688FE}.Debug|ARM.Build.0 = Debug|ARM
		{590A40AC-E150-4D6E-B5BA-07AA443688FE}.Debug|ARM.Deploy.0 = Debug|ARM
		{590A40AC-E150-4D6E-B5BA-07AA443688FE}.Debug|x64.ActiveCfg = Debug|x64
		{590A40AC-E150-4D6E-B5BA-07AA443688FE}.Debug|x64.Build.0 = Debug|x64
		{590A40AC-E150-4D6E-B5BA-07AA443688FE}.Debug|x64.Deploy.0 = Debug|x64
		{590A40AC-E150-4D6E-B5BA-07AA443688FE}.Debug|x86.ActiveCfg = Debug|x86
		{590A40AC-E150-4D6E-B5BA-07AA443688FE}.Debug|x86.Build.0 = Debug|x86
		{590A40AC-E150-4D6E-B5BA-07AA443688FE}.Debug|x86.Deploy.0 = Debug|x86
		{590A40AC-E150-4D6E-B5BA-07AA443688FE}.Release|ARM.ActiveCfg = Release|ARM
		{590A40AC-E150-4D6E-B5BA-07AA443688FE}.Release|ARM.Build.0 = Release|ARM
		{590A40AC-E150-4D6E-B5BA-07AA443688FE}.Release|ARM.Deploy.0 = Release|ARM
		{590A40AC-E150-4D6E-B5BA-07AA443688FE}.Release|x64.ActiveCfg = Release|x64
		{590A40AC-E150-4D6E-B5BA-07AA443688FE}.Release|x64.Build.0 = Release|x64
		{590A40AC-E150-4D6E-B5BA-07AA443688FE}.Release|x64.Deploy.0 = Release|x64
		{590A40AC-E150-4D6E-B5BA-07AA443688FE}.Release|x86.ActiveCfg = Release|x86
		{590A40AC-E150-4D6E-B5BA-07AA443688FE}.Release|x86.Build.0 = Release|x86
		{590A40AC-E150-4D6E-B5BA-07AA443688FE}.Release|x86.Deploy.0 = Release|x86
	EndGlobalSection
	GlobalSection(SolutionProperties) = preSolution
		HideSolutionNode = FALSE
	EndGlobalSection
EndGlobal
